
Microsoft Visual Studio Solution File, Format Version 12.00
# Visual Studio Version 16
VisualStudioVersion = 16.0.30804.86
MinimumVisualStudioVersion = 10.0.40219.1
Project("{9A19103F-16F7-4668-BE54-9A1E7A4F7556}") = "Problem1", "Problem1\Problem1.csproj", "{151737C3-19F3-4970-AC2D-9E2DC126FBB1}"
EndProject
Project("{FAE04EC0-301F-11D3-BF4B-00C04F79EFBC}") = "Problem2", "Problem2\Problem2.csproj", "{339F7D23-0CAD-40E9-850E-1C664A90B187}"
EndProject
Project("{FAE04EC0-301F-11D3-BF4B-00C04F79EFBC}") = "Problem3", "Problem3\Problem3.csproj", "{4DD1995E-EABB-4D65-A3FB-0C39D279EA75}"
EndProject
Project("{FAE04EC0-301F-11D3-BF4B-00C04F79EFBC}") = "Problem4", "Problem4\Problem4.csproj", "{8410D78A-641D-424E-AD9B-59EA930A4CBC}"
EndProject
Global
	GlobalSection(SolutionConfigurationPlatforms) = preSolution
		Debug|Any CPU = Debug|Any CPU
		Release|Any CPU = Release|Any CPU
	EndGlobalSection
	GlobalSection(ProjectConfigurationPlatforms) = postSolution
		{151737C3-19F3-4970-AC2D-9E2DC126FBB1}.Debug|Any CPU.ActiveCfg = Debug|Any CPU
		{151737C3-19F3-4970-AC2D-9E2DC126FBB1}.Debug|Any CPU.Build.0 = Debug|Any CPU
		{151737C3-19F3-4970-AC2D-9E2DC126FBB1}.Release|Any CPU.ActiveCfg = Release|Any CPU
		{151737C3-19F3-4970-AC2D-9E2DC126FBB1}.Release|Any CPU.Build.0 = Release|Any CPU
		{339F7D23-0CAD-40E9-850E-1C664A90B187}.Debug|Any CPU.ActiveCfg = Debug|Any CPU
		{339F7D23-0CAD-40E9-850E-1C664A90B187}.Debug|Any CPU.Build.0 = Debug|Any CPU
		{339F7D23-0CAD-40E9-850E-1C664A90B187}.Release|Any CPU.ActiveCfg = Release|Any CPU
		{339F7D23-0CAD-40E9-850E-1C664A90B187}.Release|Any CPU.Build.0 = Release|Any CPU
		{4DD1995E-EABB-4D65-A3FB-0C39D279EA75}.Debug|Any CPU.ActiveCfg = Debug|Any CPU
		{4DD1995E-EABB-4D65-A3FB-0C39D279EA75}.Debug|Any CPU.Build.0 = Debug|Any CPU
		{4DD1995E-EABB-4D65-A3FB-0C39D279EA75}.Release|Any CPU.ActiveCfg = Release|Any CPU
		{4DD1995E-EABB-4D65-A3FB-0C39D279EA75}.Release|Any CPU.Build.0 = Release|Any CPU
		{8410D78A-641D-424E-AD9B-59EA930A4CBC}.Debug|Any CPU.ActiveCfg = Debug|Any CPU
		{8410D78A-641D-424E-AD9B-59EA930A4CBC}.Debug|Any CPU.Build.0 = Debug|Any CPU
		{8410D78A-641D-424E-AD9B-59EA930A4CBC}.Release|Any CPU.ActiveCfg = Release|Any CPU
		{8410D78A-641D-424E-AD9B-59EA930A4CBC}.Release|Any CPU.Build.0 = Release|Any CPU
	EndGlobalSection
	GlobalSection(SolutionProperties) = preSolution
		HideSolutionNode = FALSE
	EndGlobalSection
	GlobalSection(ExtensibilityGlobals) = postSolution
		SolutionGuid = {D123ECC8-55A0-4AB8-B050-EC7A4FADAD23}
	EndGlobalSection
EndGlobal
